
Microsoft Visual Studio Solution File, Format Version 12.00
# Visual Studio Version 16
VisualStudioVersion = 16.0.32228.343
MinimumVisualStudioVersion = 10.0.40219.1
Project("{FAE04EC0-301F-11D3-BF4B-00C04F79EFBC}") = "prjDemo_Intetrview", "prjDemo_Intetrview\prjDemo_Intetrview.csproj", "{A113DABA-9FB8-43BE-9894-B34458B0787C}"
EndProject
Global
	GlobalSection(SolutionConfigurationPlatforms) = preSolution
		Debug|Any CPU = Debug|Any CPU
		Release|Any CPU = Release|Any CPU
	EndGlobalSection
	GlobalSection(ProjectConfigurationPlatforms) = postSolution
		{A113DABA-9FB8-43BE-9894-B34458B0787C}.Debug|Any CPU.ActiveCfg = Debug|Any CPU
		{A113DABA-9FB8-43BE-9894-B34458B0787C}.Debug|Any CPU.Build.0 = Debug|Any CPU
		{A113DABA-9FB8-43BE-9894-B34458B0787C}.Release|Any CPU.ActiveCfg = Release|Any CPU
		{A113DABA-9FB8-43BE-9894-B34458B0787C}.Release|Any CPU.Build.0 = Release|Any CPU
	EndGlobalSection
	GlobalSection(SolutionProperties) = preSolution
		HideSolutionNode = FALSE
	EndGlobalSection
	GlobalSection(ExtensibilityGlobals) = postSolution
		SolutionGuid = {453D0673-0B15-449B-AF66-75285760E6F9}
	EndGlobalSection
EndGlobal
